schema: '2.0'
stages:
  capture:
    cmd: python experiments/run_experiment.py 
      experiments/configs/headless_autonomous_loop_smoke_001.json --raw-dir 
      dataset/raw --runs-dir experiments/runs --live-dir dvclive --local
    deps:
    - path: experiments/configs/headless_autonomous_loop_smoke_001.json
      hash: md5
      md5: 824067b095604b9d705f9f20fe31ac45
      size: 2022
    - path: experiments/run_experiment.py
      hash: md5
      md5: 75fb89a3b1cd4c2c4fee3313b1193af5
      size: 107001
    outs:
    - path: dataset/raw
      hash: md5
      md5: 12b663b8a1006e191ec58538d015aecd.dir
      size: 1984354
      nfiles: 96
    - path: dvclive
      hash: md5
      md5: 058372bd532a10866eba94f33b761802.dir
      size: 866
      nfiles: 17
    - path: experiments/runs
      hash: md5
      md5: 3c95d2923dbdf1cae560b107c2ecbaac.dir
      size: 2247108
      nfiles: 116
  preprocess:
    cmd: python ml/preprocessing/preprocess_frames.py --raw-dir dataset/raw 
      --output dataset/processed/frames.jsonl --manifest 
      dataset/processed/manifest.json
    deps:
    - path: dataset/raw
      hash: md5
      md5: 12b663b8a1006e191ec58538d015aecd.dir
      size: 1984354
      nfiles: 96
    - path: ml/preprocessing/preprocess_frames.py
      hash: md5
      md5: 593766b4c9d391cba71923c55e52974c
      size: 6575
    outs:
    - path: dataset/processed/frames.jsonl
      hash: md5
      md5: 584f62087c0fa114efef0f388e49b682
      size: 1817133
    - path: dataset/processed/manifest.json
      hash: md5
      md5: c035f06857b7105ccb3af4cda99ba7df
      size: 1127
  train:
    cmd: python ml/training/train_action_frequency.py --frames 
      dataset/processed/frames.jsonl --model models/action_frequency_model.json
    deps:
    - path: dataset/processed/frames.jsonl
      hash: md5
      md5: 584f62087c0fa114efef0f388e49b682
      size: 1817133
    - path: ml/training/train_action_frequency.py
      hash: md5
      md5: bb7c5f90b83165ba24b54d62c691e3db
      size: 1379
    outs:
    - path: models/action_frequency_model.json
      hash: md5
      md5: 3f23171db669185934a28da7cc4aaa69
      size: 405
  evaluate:
    cmd: python ml/evaluation/evaluate_action_frequency.py --frames 
      dataset/processed/frames.jsonl --model models/action_frequency_model.json 
      --metrics dataset/evaluations/metrics.json --report 
      dataset/evaluations/report.json
    deps:
    - path: dataset/processed/frames.jsonl
      hash: md5
      md5: 584f62087c0fa114efef0f388e49b682
      size: 1817133
    - path: ml/evaluation/evaluate_action_frequency.py
      hash: md5
      md5: 6661befc7f329972914519b3841a1343
      size: 1853
    - path: models/action_frequency_model.json
      hash: md5
      md5: 3f23171db669185934a28da7cc4aaa69
      size: 405
    outs:
    - path: dataset/evaluations/metrics.json
      hash: md5
      md5: 294d87df9901f12700492824fbf1e5b3
      size: 77
    - path: dataset/evaluations/report.json
      hash: md5
      md5: 73fa757aebba89e9b9661a051adc5fef
      size: 354
  world_knowledge:
    cmd: python -m tools.bot_ml.extract_world_knowledge --output-dir 
      dataset/world_knowledge
    deps:
    - path: tools/bot_ml/common.py
      hash: md5
      md5: 8b4aaef751f98fac4ad24680793a813d
      size: 5304
    - path: tools/bot_ml/extract_world_knowledge.py
      hash: md5
      md5: 9f9d6ddb0fcae27397951db8b02c3d68
      size: 31879
    outs:
    - path: dataset/world_knowledge
      hash: md5
      md5: 9febcadfce62172963960aa99e8b9033.dir
      size: 1203658848
      nfiles: 19
  world_planner:
    cmd: python -m tools.bot_ml.build_world_planner_manifests --world-dir 
      dataset/world_knowledge --output-dir dataset/world_planner
    deps:
    - path: dataset/world_knowledge
      hash: md5
      md5: 9febcadfce62172963960aa99e8b9033.dir
      size: 1203658848
      nfiles: 19
    - path: tools/bot_ml/build_world_planner_manifests.py
      hash: md5
      md5: 3e6435f3ad9db17c1e257c918c2f03d6
      size: 42393
    - path: tools/bot_ml/common.py
      hash: md5
      md5: 8b4aaef751f98fac4ad24680793a813d
      size: 5304
    outs:
    - path: dataset/world_planner
      hash: md5
      md5: be9a1697893947184d2c6b09699612f3.dir
      size: 314432118
      nfiles: 27
  world_planner_validate:
    cmd: python -m tools.bot_ml.validate_world_planner --planner-dir 
      dataset/world_planner --validation-scenario-dir 
      dataset/validation_scenarios --live-scenario-report-dir 
      dataset/live_validation_scenario_reports_built --report 
      dataset/world_validation/planner_report.json
    deps:
    - path: dataset/live_validation_scenario_reports_built
      hash: md5
      md5: eb66ba5a26cd4da05b2f748c935dc9cb.dir
      size: 14220
      nfiles: 2
    - path: dataset/validation_scenarios
      hash: md5
      md5: 4b3700a61d3e6772061636e2bc3efeb3.dir
      size: 74831
      nfiles: 5
    - path: dataset/world_planner
      hash: md5
      md5: be9a1697893947184d2c6b09699612f3.dir
      size: 314432118
      nfiles: 27
    - path: tools/bot_ml/common.py
      hash: md5
      md5: 8b4aaef751f98fac4ad24680793a813d
      size: 5304
    - path: tools/bot_ml/validate_world_planner.py
      hash: md5
      md5: 8b5fd4712e8fcd2bff4995c8eed02684
      size: 23258
    outs:
    - path: dataset/world_validation/planner_report.json
      hash: md5
      md5: 46bd018a02a7a15a6230231dd091db6d
      size: 193169
  validation_provisioning:
    cmd: python -m tools.bot_ml.build_validation_provisioning --config 
      experiments/configs/validation_provisioning_cata_001.json --gear-profiles 
      dataset/validation_gear_profiles/profiles.json --output-dir 
      dataset/validation_provisioning
    deps:
    - path: dataset/validation_gear_profiles
      hash: md5
      md5: 209412ca6c1d443eee9bd7088afadb97.dir
      size: 360074
      nfiles: 3
    - path: experiments/configs/cata_434_action_profiles.json
      hash: md5
      md5: 916b55db86dc79719978797320da6bc5
      size: 1746
    - path: experiments/configs/validation_provisioning_cata_001.json
      hash: md5
      md5: dfab48450128eceb0dcd5a84578161ec
      size: 4547
    - path: tools/bot_ml/build_validation_provisioning.py
      hash: md5
      md5: 9cb36bd54bfdecdf857069bf9dc86cc3
      size: 28804
    - path: tools/bot_ml/validation_profile_manifests.py
      hash: md5
      md5: ed53197b8c93ca32a4b77989e8f29cb5
      size: 2272
    outs:
    - path: dataset/validation_provisioning
      hash: md5
      md5: 4807edc481eba161c3dc02a186619f2d.dir
      size: 326213
      nfiles: 5
  validation_gear:
    cmd: python -m tools.bot_ml.build_validation_gear_profiles --config 
      experiments/configs/validation_provisioning_cata_001.json --output-dir 
      dataset/validation_gear_profiles
    deps:
    - path: data/dbc/enUS/GemProperties.dbc
      hash: md5
      md5: edfb518041fec829681d8a1bf2d7219f
      size: 21693
    - path: data/dbc/enUS/Item-sparse.db2
      hash: md5
      md5: 61c97067db73be61379002ef18993c5d
      size: 30858357
    - path: data/dbc/enUS/Item.db2
      hash: md5
      md5: 4d1b788fcac7adfbb6bdbf3ece9689a5
      size: 2072849
    - path: data/dbc/enUS/SpellItemEnchantment.dbc
      hash: md5
      md5: 3b721c083b10f3b73c0614bd0ae266ff
      size: 337263
    - path: experiments/configs/cata_434_combat_loot_profiles.json
      hash: md5
      md5: 36366f66744aa78fbd2c5c2b37d68ed5
      size: 2302
    - path: experiments/configs/validation_provisioning_cata_001.json
      hash: md5
      md5: dfab48450128eceb0dcd5a84578161ec
      size: 4547
    - path: tools/bot_ml/build_validation_gear_profiles.py
      hash: md5
      md5: 41d51e11b0da92dfe1ac90f1417a9b35
      size: 36246
    - path: tools/bot_ml/build_validation_provisioning.py
      hash: md5
      md5: 9cb36bd54bfdecdf857069bf9dc86cc3
      size: 28804
    - path: tools/bot_ml/extract_world_knowledge.py
      hash: md5
      md5: 9f9d6ddb0fcae27397951db8b02c3d68
      size: 31879
    - path: tools/bot_ml/validation_profile_manifests.py
      hash: md5
      md5: ed53197b8c93ca32a4b77989e8f29cb5
      size: 2272
    outs:
    - path: dataset/validation_gear_profiles
      hash: md5
      md5: 209412ca6c1d443eee9bd7088afadb97.dir
      size: 360074
      nfiles: 3
  validation_provisioning_verify:
    cmd: python -m tools.bot_ml.validate_validation_provisioning --config 
      experiments/configs/validation_provisioning_cata_001.json --gear-profiles 
      dataset/validation_gear_profiles/profiles.json --provisioning-report 
      dataset/validation_provisioning/report.json --output 
      dataset/validation_provisioning_verification/report.json
    deps:
    - path: data/dbc/enUS/GemProperties.dbc
      hash: md5
      md5: edfb518041fec829681d8a1bf2d7219f
      size: 21693
    - path: data/dbc/enUS/Item-sparse.db2
      hash: md5
      md5: 61c97067db73be61379002ef18993c5d
      size: 30858357
    - path: data/dbc/enUS/Item.db2
      hash: md5
      md5: 4d1b788fcac7adfbb6bdbf3ece9689a5
      size: 2072849
    - path: data/dbc/enUS/SpellItemEnchantment.dbc
      hash: md5
      md5: 3b721c083b10f3b73c0614bd0ae266ff
      size: 337263
    - path: dataset/validation_gear_profiles
      hash: md5
      md5: 209412ca6c1d443eee9bd7088afadb97.dir
      size: 360074
      nfiles: 3
    - path: dataset/validation_provisioning/report.json
      hash: md5
      md5: 048684735f4d84d9c202dbee585f03cf
      size: 3164
    - path: experiments/configs/cata_434_action_profiles.json
      hash: md5
      md5: 916b55db86dc79719978797320da6bc5
      size: 1746
    - path: experiments/configs/cata_434_combat_loot_profiles.json
      hash: md5
      md5: 36366f66744aa78fbd2c5c2b37d68ed5
      size: 2302
    - path: experiments/configs/validation_provisioning_cata_001.json
      hash: md5
      md5: dfab48450128eceb0dcd5a84578161ec
      size: 4547
    - path: tools/bot_ml/build_validation_gear_profiles.py
      hash: md5
      md5: 41d51e11b0da92dfe1ac90f1417a9b35
      size: 36246
    - path: tools/bot_ml/build_validation_provisioning.py
      hash: md5
      md5: 9cb36bd54bfdecdf857069bf9dc86cc3
      size: 28804
    - path: tools/bot_ml/extract_world_knowledge.py
      hash: md5
      md5: 9f9d6ddb0fcae27397951db8b02c3d68
      size: 31879
    - path: tools/bot_ml/validate_validation_provisioning.py
      hash: md5
      md5: 04e0e423dfab8a7315d26413be58c908
      size: 20156
    - path: tools/bot_ml/validation_profile_manifests.py
      hash: md5
      md5: ed53197b8c93ca32a4b77989e8f29cb5
      size: 2272
    outs:
    - path: dataset/validation_provisioning_verification/report.json
      hash: md5
      md5: 364e7be7aa21a4cf7babefb4bec25fde
      size: 511
  validation_scenarios:
    cmd: python -m tools.bot_ml.build_validation_scenario_manifests --config 
      experiments/configs/validation_scenarios_cata_001.json 
      --provisioning-report dataset/validation_provisioning/report.json 
      --provisioning-verification 
      dataset/validation_provisioning_verification/report.json --output-dir 
      dataset/validation_scenarios
    deps:
    - path: dataset/validation_provisioning/report.json
      hash: md5
      md5: 048684735f4d84d9c202dbee585f03cf
      size: 3164
    - path: dataset/validation_provisioning_verification/report.json
      hash: md5
      md5: 364e7be7aa21a4cf7babefb4bec25fde
      size: 511
    - path: experiments/configs/validation_scenarios_cata_001.json
      hash: md5
      md5: d886137bc2c2fe38476b4056150d6c1e
      size: 10242
    - path: tools/bot_ml/build_validation_scenario_manifests.py
      hash: md5
      md5: 7f5dd28c51fbfde1cdc1076f76a99b58
      size: 23567
    - path: tools/bot_ml/common.py
      hash: md5
      md5: 456b2fbeef89f89a13495ebb9a8cf993
      size: 6838
    outs:
    - path: dataset/validation_scenarios
      hash: md5
      md5: 113e152f506094212931b68fb8746de4.dir
      size: 102358
      nfiles: 5
  live_scenario_reports:
    cmd: python -m tools.bot_ml.build_live_scenario_reports --live-report 
      dataset/live_validation_scenarios/stonecore_5n/report.json --live-report 
      dataset/live_validation_scenarios/stonecore_5n/01_entrance_packs/report.json
      --live-report 
      dataset/live_validation_scenarios/stonecore_5n/02_corborus/report.json 
      --live-report 
      dataset/live_validation_scenarios/stonecore_5n/03_crystalspawn_corridor/report.json
      --live-report 
      dataset/live_validation_scenarios/stonecore_5n/04_slabhide/report.json 
      --live-report 
      dataset/live_validation_scenarios/stonecore_5n/05_stonecore_sentry_gauntlet/report.json
      --live-report 
      dataset/live_validation_scenarios/stonecore_5n/06_ozruk/report.json 
      --live-report 
      dataset/live_validation_scenarios/stonecore_5n/07_twilight_flayer_packs/report.json
      --live-report 
      dataset/live_validation_scenarios/stonecore_5n/08_high_priestess_azil/report.json
      --validation-scenario-dir dataset/validation_scenarios --output-dir 
      dataset/live_validation_scenario_reports_built
    deps:
    - path: 
        dataset/live_validation_scenarios/stonecore_5n/01_entrance_packs/report.json
      hash: md5
      md5: 00fa658aaab579e86bd6d371b9447130
      size: 83784
    - path: 
        dataset/live_validation_scenarios/stonecore_5n/02_corborus/report.json
      hash: md5
      md5: e3efd5f855aca6f2df28b6a9af13d08e
      size: 253460
    - path: 
        dataset/live_validation_scenarios/stonecore_5n/03_crystalspawn_corridor/report.json
      hash: md5
      md5: aed97486a4f7dd7f985ae9dc0a284564
      size: 84944
    - path: 
        dataset/live_validation_scenarios/stonecore_5n/04_slabhide/report.json
      hash: md5
      md5: 73f7726d934db7275043a2e854b695c8
      size: 244360
    - path: 
        dataset/live_validation_scenarios/stonecore_5n/05_stonecore_sentry_gauntlet/report.json
      hash: md5
      md5: a674e570211b3aaec10756a2cfb9998c
      size: 281701
    - path: dataset/live_validation_scenarios/stonecore_5n/06_ozruk/report.json
      hash: md5
      md5: 228ca3bd131d3d50772ab751365309f1
      size: 237007
    - path: 
        dataset/live_validation_scenarios/stonecore_5n/07_twilight_flayer_packs/report.json
      hash: md5
      md5: ec266cb2241d49a3bc086d3fcb54b04b
      size: 275680
    - path: 
        dataset/live_validation_scenarios/stonecore_5n/08_high_priestess_azil/report.json
      hash: md5
      md5: 159a764e0fd0ad559eda25fd351595e7
      size: 264893
    - path: dataset/live_validation_scenarios/stonecore_5n/report.json
      hash: md5
      md5: 8b9a7fece8350701f0c4d56e46b64ca0
      size: 714337
    - path: dataset/validation_scenarios
      hash: md5
      md5: 4b3700a61d3e6772061636e2bc3efeb3.dir
      size: 74831
      nfiles: 5
    - path: tools/bot_ml/build_live_scenario_reports.py
      hash: md5
      md5: 110d76a93cd49b638d3fa422b57e14cf
      size: 29774
    - path: tools/bot_ml/common.py
      hash: md5
      md5: 8b4aaef751f98fac4ad24680793a813d
      size: 5304
    - path: tools/bot_ml/run_live_bot_validation.py
      hash: md5
      md5: 28faef8034a4f8715057d081b744dc66
      size: 117950
    outs:
    - path: dataset/live_validation_scenario_reports_built
      hash: md5
      md5: eb66ba5a26cd4da05b2f748c935dc9cb.dir
      size: 14220
      nfiles: 2
  validation_run_plan:
    cmd: python -m tools.bot_ml.build_validation_run_plan 
      --validation-scenario-dir dataset/validation_scenarios --output-dir 
      dataset/validation_run_plan --live-output-root 
      dataset/live_validation_scenarios --scenario-report-root 
      dataset/live_validation_scenario_reports_built
    deps:
    - path: dataset/validation_scenarios
      hash: md5
      md5: 04eba0dea533a93f5264b61e6f043d0f.dir
      size: 99800
      nfiles: 5
    - path: tools/bot_ml/build_validation_run_plan.py
      hash: md5
      md5: 7306291c2d77e438f9c6bb0f5d5c764b
      size: 14766
    - path: tools/bot_ml/common.py
      hash: md5
      md5: 456b2fbeef89f89a13495ebb9a8cf993
      size: 6838
    outs:
    - path: dataset/validation_run_plan
      hash: md5
      md5: bad3cef316b0d77457a17c603fb76f9d.dir
      size: 107528
      nfiles: 2
  live_validation_combined:
    cmd: python -m tools.bot_ml.run_live_bot_validation --input-log 
      artifacts/live_validation_quest_mob_assist_150s/worldserver_output.log 
      --scenario-report-dir dataset/live_validation_scenario_reports_built 
      --output-dir dataset/live_validation_combined
    deps:
    - path: 
        artifacts/live_validation_quest_mob_assist_150s/worldserver_output.log
      hash: md5
      md5: 6ad5bc0e9bf15eb4ef439fcaeba2c454
      size: 102801
    - path: dataset/live_validation_scenario_reports_built
      hash: md5
      md5: eb66ba5a26cd4da05b2f748c935dc9cb.dir
      size: 14220
      nfiles: 2
    - path: tools/bot_ml/run_live_bot_validation.py
      hash: md5
      md5: 28faef8034a4f8715057d081b744dc66
      size: 117950
    outs:
    - path: dataset/live_validation_combined
      hash: md5
      md5: 9c191a9e340a54cd44e61c71e0f1deb9.dir
      size: 222956
      nfiles: 3
  validation_run_status:
    cmd: python -m tools.bot_ml.build_validation_run_status --run-plan 
      dataset/validation_run_plan/manifest.json --scenario-report-root 
      dataset/live_validation_scenario_reports_built --output-dir 
      dataset/validation_run_status
    deps:
    - path: dataset/live_validation_scenario_reports_built
      hash: md5
      md5: eb66ba5a26cd4da05b2f748c935dc9cb.dir
      size: 14220
      nfiles: 2
    - path: dataset/validation_run_plan/manifest.json
      hash: md5
      md5: ece2808839cf7c694fb5471750550e91
      size: 80463
    - path: tools/bot_ml/build_validation_run_status.py
      hash: md5
      md5: d31d1b28002b72b9c63a48d8e7625870
      size: 22957
    - path: tools/bot_ml/common.py
      hash: md5
      md5: 8b4aaef751f98fac4ad24680793a813d
      size: 5304
    outs:
    - path: dataset/validation_run_status
      hash: md5
      md5: 7133f7d1bf27d8b728620b6dfc38ee2f.dir
      size: 82960
      nfiles: 1
  quest_profession_report:
    cmd: python -m tools.bot_ml.build_quest_profession_reports --planner-dir 
      dataset/world_planner --report 
      dataset/quest_profession_reports/report.json
    deps:
    - path: dataset/world_planner
      hash: md5
      md5: be9a1697893947184d2c6b09699612f3.dir
      size: 314432118
      nfiles: 27
    - path: tools/bot_ml/build_quest_profession_reports.py
      hash: md5
      md5: e74999741b18496d878434a4717b904d
      size: 2242
    - path: tools/bot_ml/common.py
      hash: md5
      md5: 8b4aaef751f98fac4ad24680793a813d
      size: 5304
    - path: tools/bot_ml/validate_world_planner.py
      hash: md5
      md5: 8b5fd4712e8fcd2bff4995c8eed02684
      size: 23258
    outs:
    - path: dataset/quest_profession_reports/report.json
      hash: md5
      md5: b4e8b7909753bba2d1fe8e7ead5bdac8
      size: 123473
  bot_ml_build_decisions:
    cmd: python -m tools.bot_ml.build_decision_dataset --input-dir 
      dataset/bot_ml/raw --output dataset/bot_ml/decision_dataset.jsonl 
      --manifest dataset/bot_ml/decision_dataset_manifest.json --include-map-id 
      725
    deps:
    - path: dataset/bot_ml/raw
      hash: md5
      md5: 6c5331a75d43e22767dfebd8dce05394.dir
      size: 1349114098
      nfiles: 45
    - path: tools/bot_ml/build_decision_dataset.py
      hash: md5
      md5: fc33b24f281b388bcbc72f293e1f4da7
      size: 32480
    - path: tools/bot_ml/common.py
      hash: md5
      md5: 456b2fbeef89f89a13495ebb9a8cf993
      size: 6838
    outs:
    - path: dataset/bot_ml/decision_dataset.jsonl
      hash: md5
      md5: cd19b91780c9023c8d1858e63d1b42a9
      size: 52576934
    - path: dataset/bot_ml/decision_dataset_manifest.json
      hash: md5
      md5: 6c508fa59a417b2ae164ed57f0b5917f
      size: 2201
  bot_ml_train:
    cmd: python -m tools.bot_ml.train_policy_model --dataset 
      dataset/bot_ml/decision_dataset.jsonl --model 
      models/bot_policy/policy_model.json --model-dir 
      models/bot_policy/artifacts --live-dir artifacts/bot_policy_dvclive/train
    deps:
    - path: dataset/bot_ml/decision_dataset.jsonl
      hash: md5
      md5: cd19b91780c9023c8d1858e63d1b42a9
      size: 52576934
    - path: tools/bot_ml/common.py
      hash: md5
      md5: 456b2fbeef89f89a13495ebb9a8cf993
      size: 6838
    - path: tools/bot_ml/model_artifacts.py
      hash: md5
      md5: 4196f89d4b6668c163f6e68576859a59
      size: 5207
    - path: tools/bot_ml/train_policy_model.py
      hash: md5
      md5: 494af6d8e1aad024b18f02e971b06291
      size: 16352
    outs:
    - path: artifacts/bot_policy_dvclive/train
      hash: md5
      md5: 37da055b2990a68c2ce72968e574b2ca.dir
      size: 169
      nfiles: 4
    - path: models/bot_policy/artifacts
      hash: md5
      md5: 015214ee82142322aca89f3f4281251a.dir
      size: 24792480
      nfiles: 130
    - path: models/bot_policy/policy_model.json
      hash: md5
      md5: 22f216948e218728d391541128e1eda5
      size: 993385
  bot_ml_evaluate:
    cmd: python -m tools.bot_ml.evaluate_policy_model --dataset 
      dataset/bot_ml/decision_dataset.jsonl --model 
      models/bot_policy/policy_model.json --metrics 
      evaluations/bot_policy/metrics.json --diagnostics 
      evaluations/bot_policy/diagnostics.json --live-dir 
      artifacts/bot_policy_dvclive/eval
    deps:
    - path: dataset/bot_ml/decision_dataset.jsonl
      hash: md5
      md5: cd19b91780c9023c8d1858e63d1b42a9
      size: 52576934
    - path: models/bot_policy/policy_model.json
      hash: md5
      md5: 22f216948e218728d391541128e1eda5
      size: 993385
    - path: tools/bot_ml/common.py
      hash: md5
      md5: 456b2fbeef89f89a13495ebb9a8cf993
      size: 6838
    - path: tools/bot_ml/evaluate_policy_model.py
      hash: md5
      md5: 4f55baf56a4ff2bdcd7355e64a6aa405
      size: 12793
    - path: tools/bot_ml/model_artifacts.py
      hash: md5
      md5: 4196f89d4b6668c163f6e68576859a59
      size: 5207
    outs:
    - path: artifacts/bot_policy_dvclive/eval
      hash: md5
      md5: 98b17026486c4a7c48e045b37ca75b47.dir
      size: 293
      nfiles: 5
    - path: evaluations/bot_policy/diagnostics.json
      hash: md5
      md5: cdd77a5e074deda167873d186923f354
      size: 1602706
    - path: evaluations/bot_policy/metrics.json
      hash: md5
      md5: e930f3843866b77e350be3324fcde95d
      size: 2190
  bot_ml_register:
    cmd: python -m tools.bot_ml.register_policy_model --model 
      models/bot_policy/policy_model.json --metrics 
      evaluations/bot_policy/metrics.json --diagnostics 
      evaluations/bot_policy/diagnostics.json --sql-output 
      models/bot_policy/register_model.sql
    deps:
    - path: evaluations/bot_policy/diagnostics.json
      hash: md5
      md5: c55ce3bda379c63b9e55830d88ed22ca
      size: 929426
    - path: evaluations/bot_policy/metrics.json
      hash: md5
      md5: d38aec03b740e4b716cc80c75dc13731
      size: 1782
    - path: models/bot_policy/policy_model.json
      hash: md5
      md5: c1bdf2ed74c24134b3a74a76d65cb494
      size: 1567225
    - path: tools/bot_ml/common.py
      hash: md5
      md5: 8b4aaef751f98fac4ad24680793a813d
      size: 5304
    - path: tools/bot_ml/register_policy_model.py
      hash: md5
      md5: ca0fee033d8de9e8dbf188426af8f128
      size: 3698
    outs:
    - path: models/bot_policy/register_model.json
      hash: md5
      md5: 6e378d97eb6045f3b76991fa182f4a4c
      size: 725780
    - path: models/bot_policy/register_model.sql
      hash: md5
      md5: 5960f712ff8d4d3d96aab37f44d94463
      size: 1344870
  bot_ml_validate:
    cmd: python -m tools.bot_ml.validate_data_quality --dataset 
      dataset/bot_ml/decision_dataset.jsonl --report 
      dataset/bot_ml/data_quality.json
    deps:
    - path: dataset/bot_ml/decision_dataset.jsonl
      hash: md5
      md5: cd19b91780c9023c8d1858e63d1b42a9
      size: 52576934
    - path: tools/bot_ml/common.py
      hash: md5
      md5: 456b2fbeef89f89a13495ebb9a8cf993
      size: 6838
    - path: tools/bot_ml/validate_data_quality.py
      hash: md5
      md5: f731416ccc7b46dcc962d13c8ed48ebe
      size: 10190
    outs:
    - path: dataset/bot_ml/data_quality.json
      hash: md5
      md5: 31292e5da0266953d17ea4dbaa52f28d
      size: 3240
  bt_masked_ga_combined:
    cmd: python -m tools.bot_ml.bt_masked_ga_combined --dataset 
      dataset/bot_ml/decision_dataset.jsonl --output-dir 
      artifacts/ml_strategy_eval/bt_masked_ga_combined --baseline-report 
      artifacts/live_validation_instances/stonecore_uninterrupted_full_clear_r12/report.json
      --population-size 24 --generations 18 --seed 13
    deps:
    - path: 
        artifacts/live_validation_instances/stonecore_uninterrupted_full_clear_r12/report.json
      hash: md5
      md5: 8b9a7fece8350701f0c4d56e46b64ca0
      size: 714337
    - path: dataset/bot_ml/decision_dataset.jsonl
      hash: md5
      md5: 7b89498159976fbb88ba2d463bfe02ee
      size: 757385325
    - path: tools/bot_ml/bt_masked_ga_combined.py
      hash: md5
      md5: 10264f3e745df6133c09c406d7b4e773
      size: 16237
    - path: tools/bot_ml/common.py
      hash: md5
      md5: 8b4aaef751f98fac4ad24680793a813d
      size: 5304
    params:
      params.yaml:
        bt_masked_ga_combined:
          output_dir: artifacts/ml_strategy_eval/bt_masked_ga_combined
          baseline_report: 
            artifacts/live_validation_instances/stonecore_uninterrupted_full_clear_r12/report.json
          population_size: 24
          generations: 18
          seed: 13
    outs:
    - path: artifacts/ml_strategy_eval/bt_masked_ga_combined/diagnostics.json
      hash: md5
      md5: 95204061b0fdafe0e883de383f3f54d0
      size: 442210
    - path: artifacts/ml_strategy_eval/bt_masked_ga_combined/dvclive
      hash: md5
      md5: 027ced4b87eb8bb6a9aa8b3ffccf9520.dir
      size: 1257
      nfiles: 14
    - path: artifacts/ml_strategy_eval/bt_masked_ga_combined/ga_history.json
      hash: md5
      md5: e5a2bc7ae91a4730fb151844784a58a7
      size: 12135
    - path: 
        artifacts/ml_strategy_eval/bt_masked_ga_combined/ga_strategy_knobs.json
      hash: md5
      md5: 476efead66ffa34cd279b7286d03ad15
      size: 659
    - path: artifacts/ml_strategy_eval/bt_masked_ga_combined/metrics.json
      hash: md5
      md5: f8511316080736ec3811697bb3efd898
      size: 614
    - path: artifacts/ml_strategy_eval/bt_masked_ga_combined/model.json
      hash: md5
      md5: 8ae736269741741188d685b1300bba19
      size: 27031
    - path: artifacts/ml_strategy_eval/bt_masked_ga_combined/report.json
      hash: md5
      md5: 08da236dc371c5818b3f86a5eba00844
      size: 30923
    - path: 
        artifacts/ml_strategy_eval/bt_masked_ga_combined/stonecore_baseline_comparison.json
      hash: md5
      md5: d5aade41043045dec5399a9eea8e913a
      size: 602
