schema: '2.0'
stages:
  capture:
    cmd: python experiments/run_experiment.py
      experiments/configs/headless_autonomous_loop_smoke_001.json --raw-dir
      dataset/raw --runs-dir experiments/runs --live-dir dvclive --local
    deps:
    - path: experiments/configs/headless_autonomous_loop_smoke_001.json
      hash: md5
      md5: 824067b095604b9d705f9f20fe31ac45
      size: 2022
    - path: experiments/run_experiment.py
      hash: md5
      md5: 75fb89a3b1cd4c2c4fee3313b1193af5
      size: 107001
    outs:
    - path: dataset/raw
      hash: md5
      md5: 50a2860768712939499aab57c7354be0.dir
      size: 1659313
      nfiles: 58
    - path: dvclive
      hash: md5
      md5: 3274589853c8c38c6ffa7cc16735ca3e.dir
      size: 328
      nfiles: 6
    - path: experiments/runs
      hash: md5
      md5: 752f0a84f8e13d5449b73480af16c586.dir
      size: 523539
      nfiles: 90
  preprocess:
    cmd: python ml/preprocessing/preprocess_frames.py --raw-dir dataset/raw
      --output dataset/processed/frames.jsonl --manifest
      dataset/processed/manifest.json
    deps:
    - path: dataset/raw
      hash: md5
      md5: 50a2860768712939499aab57c7354be0.dir
      size: 1659313
      nfiles: 58
    - path: ml/preprocessing/preprocess_frames.py
      hash: md5
      md5: d16316ea6c13f99004330f9e3abc8436
      size: 4216
    outs:
    - path: dataset/processed/frames.jsonl
      hash: md5
      md5: 3145e240b7af63e7b7e961912c756210
      size: 1302711
    - path: dataset/processed/manifest.json
      hash: md5
      md5: 41b7d8575e092ee4f16b84f8b71e1034
      size: 756
  train:
    cmd: python ml/training/train_action_frequency.py --frames
      dataset/processed/frames.jsonl --model models/action_frequency_model.json
    deps:
    - path: dataset/processed/frames.jsonl
      hash: md5
      md5: 3145e240b7af63e7b7e961912c756210
      size: 1302711
    - path: ml/training/train_action_frequency.py
      hash: md5
      md5: bb7c5f90b83165ba24b54d62c691e3db
      size: 1379
    outs:
    - path: models/action_frequency_model.json
      hash: md5
      md5: c6acf526c0cd60ede38070c19c5693dd
      size: 405
  evaluate:
    cmd: python ml/evaluation/evaluate_action_frequency.py --frames
      dataset/processed/frames.jsonl --model models/action_frequency_model.json
      --metrics dataset/evaluations/metrics.json --report
      dataset/evaluations/report.json
    deps:
    - path: dataset/processed/frames.jsonl
      hash: md5
      md5: 3145e240b7af63e7b7e961912c756210
      size: 1302711
    - path: ml/evaluation/evaluate_action_frequency.py
      hash: md5
      md5: 6661befc7f329972914519b3841a1343
      size: 1853
    - path: models/action_frequency_model.json
      hash: md5
      md5: c6acf526c0cd60ede38070c19c5693dd
      size: 405
    outs:
    - path: dataset/evaluations/metrics.json
      hash: md5
      md5: 94fd6825bdcc7e18d2b74acea7a27b86
      size: 76
    - path: dataset/evaluations/report.json
      hash: md5
      md5: a05bd5e046a3faedf12014aeeaa04f71
      size: 352
  world_knowledge:
    cmd: python -m tools.bot_ml.extract_world_knowledge --output-dir
      dataset/world_knowledge
    deps:
    - path: tools/bot_ml/common.py
      hash: md5
      md5: 476b615368f0126adf17fababbc05929
      size: 5208
    - path: tools/bot_ml/extract_world_knowledge.py
      hash: md5
      md5: 12ac2d7deb4e40aa5492414058d260b7
      size: 22917
    outs:
    - path: dataset/world_knowledge
      hash: md5
      md5: 8ac5aa997e5651cbb5d606be77c3069b.dir
      size: 1134831298
      nfiles: 9
  world_planner:
    cmd: python -m tools.bot_ml.build_world_planner_manifests --world-dir
      dataset/world_knowledge --output-dir dataset/world_planner
    deps:
    - path: dataset/world_knowledge
      hash: md5
      md5: 8ac5aa997e5651cbb5d606be77c3069b.dir
      size: 1134831298
      nfiles: 9
    - path: tools/bot_ml/build_world_planner_manifests.py
      hash: md5
      md5: 2f55e6b468200490a6c381059c79bfcf
      size: 14318
    - path: tools/bot_ml/common.py
      hash: md5
      md5: 476b615368f0126adf17fababbc05929
      size: 5208
    outs:
    - path: dataset/world_planner
      hash: md5
      md5: e855c107a834a20f7b31c2b8efb0b6c2.dir
      size: 261212666
      nfiles: 10
  world_planner_validate:
    cmd: python -m tools.bot_ml.validate_world_planner --planner-dir
      dataset/world_planner --validation-scenario-dir
      dataset/validation_scenarios --report
      dataset/world_validation/planner_report.json
    deps:
    - path: dataset/validation_scenarios
      hash: md5
      md5: 94d3d006b7bb4da2ba2c8dcfcbb4ceb3.dir
      size: 8573
      nfiles: 5
    - path: dataset/world_planner
      hash: md5
      md5: e855c107a834a20f7b31c2b8efb0b6c2.dir
      size: 261212666
      nfiles: 10
    - path: tools/bot_ml/common.py
      hash: md5
      md5: 476b615368f0126adf17fababbc05929
      size: 5208
    - path: tools/bot_ml/validate_world_planner.py
      hash: md5
      md5: 77a69a44a4eea65fc123810a86750c99
      size: 10949
    outs:
    - path: dataset/world_validation/planner_report.json
      hash: md5
      md5: 9e6cef3c458ce47b66789de98007bd02
      size: 24168
  validation_provisioning:
    cmd: python -m tools.bot_ml.build_validation_provisioning --config
      experiments/configs/validation_provisioning_cata_001.json --gear-profiles
      dataset/validation_gear_profiles/profiles.json --output-dir
      dataset/validation_provisioning
    deps:
    - path: dataset/validation_gear_profiles
      hash: md5
      md5: f85466048d08b085c762a18289305af4.dir
      size: 163765
      nfiles: 3
    - path: experiments/configs/validation_provisioning_cata_001.json
      hash: md5
      md5: b4badcede6ea8f36fb3a2a2cc7f1ec8c
      size: 3727
    - path: tools/bot_ml/build_validation_provisioning.py
      hash: md5
      md5: b95f3e914771d0d3ecd038f7fba7e62a
      size: 16198
    outs:
    - path: dataset/validation_provisioning
      hash: md5
      md5: 8849be37519ff29c93881693b9041f43.dir
      size: 232129
      nfiles: 5
  validation_gear:
    cmd: python -m tools.bot_ml.build_validation_gear_profiles --config
      experiments/configs/validation_provisioning_cata_001.json --output-dir
      dataset/validation_gear_profiles
    deps:
    - path: data/dbc/enUS/GemProperties.dbc
      hash: md5
      md5: edfb518041fec829681d8a1bf2d7219f
      size: 21693
    - path: data/dbc/enUS/Item-sparse.db2
      hash: md5
      md5: 61c97067db73be61379002ef18993c5d
      size: 30858357
    - path: data/dbc/enUS/Item.db2
      hash: md5
      md5: 4d1b788fcac7adfbb6bdbf3ece9689a5
      size: 2072849
    - path: data/dbc/enUS/SpellItemEnchantment.dbc
      hash: md5
      md5: 3b721c083b10f3b73c0614bd0ae266ff
      size: 337263
    - path: experiments/configs/validation_provisioning_cata_001.json
      hash: md5
      md5: b4badcede6ea8f36fb3a2a2cc7f1ec8c
      size: 3727
    - path: tools/bot_ml/build_validation_gear_profiles.py
      hash: md5
      md5: 9b1ce628da3fcc638c6a34ab5029a0d3
      size: 25022
    - path: tools/bot_ml/build_validation_provisioning.py
      hash: md5
      md5: b95f3e914771d0d3ecd038f7fba7e62a
      size: 16198
    - path: tools/bot_ml/extract_world_knowledge.py
      hash: md5
      md5: 12ac2d7deb4e40aa5492414058d260b7
      size: 22917
    outs:
    - path: dataset/validation_gear_profiles
      hash: md5
      md5: f85466048d08b085c762a18289305af4.dir
      size: 163765
      nfiles: 3
  validation_provisioning_verify:
    cmd: python -m tools.bot_ml.validate_validation_provisioning --config
      experiments/configs/validation_provisioning_cata_001.json --gear-profiles
      dataset/validation_gear_profiles/profiles.json --provisioning-report
      dataset/validation_provisioning/report.json --output
      dataset/validation_provisioning_verification/report.json
    deps:
    - path: data/dbc/enUS/GemProperties.dbc
      hash: md5
      md5: edfb518041fec829681d8a1bf2d7219f
      size: 21693
    - path: data/dbc/enUS/Item-sparse.db2
      hash: md5
      md5: 61c97067db73be61379002ef18993c5d
      size: 30858357
    - path: data/dbc/enUS/Item.db2
      hash: md5
      md5: 4d1b788fcac7adfbb6bdbf3ece9689a5
      size: 2072849
    - path: data/dbc/enUS/SpellItemEnchantment.dbc
      hash: md5
      md5: 3b721c083b10f3b73c0614bd0ae266ff
      size: 337263
    - path: dataset/validation_gear_profiles
      hash: md5
      md5: f85466048d08b085c762a18289305af4.dir
      size: 163765
      nfiles: 3
    - path: dataset/validation_provisioning/report.json
      hash: md5
      md5: 599df7134fe452195c13dc813f34948f
      size: 2170
    - path: experiments/configs/validation_provisioning_cata_001.json
      hash: md5
      md5: b4badcede6ea8f36fb3a2a2cc7f1ec8c
      size: 3727
    - path: tools/bot_ml/build_validation_gear_profiles.py
      hash: md5
      md5: 9b1ce628da3fcc638c6a34ab5029a0d3
      size: 25022
    - path: tools/bot_ml/build_validation_provisioning.py
      hash: md5
      md5: b95f3e914771d0d3ecd038f7fba7e62a
      size: 16198
    - path: tools/bot_ml/extract_world_knowledge.py
      hash: md5
      md5: 12ac2d7deb4e40aa5492414058d260b7
      size: 22917
    - path: tools/bot_ml/validate_validation_provisioning.py
      hash: md5
      md5: 26e6c29b57e142a61bd9518c4c8cb8d3
      size: 13524
    outs:
    - path: dataset/validation_provisioning_verification/report.json
      hash: md5
      md5: 5f69417b0789aebe56fb2c704dfceb7d
      size: 511
  validation_scenarios:
    cmd: python -m tools.bot_ml.build_validation_scenario_manifests --config
      experiments/configs/validation_scenarios_cata_001.json
      --provisioning-report dataset/validation_provisioning/report.json
      --provisioning-verification
      dataset/validation_provisioning_verification/report.json --output-dir
      dataset/validation_scenarios
    deps:
    - path: dataset/validation_provisioning/report.json
      hash: md5
      md5: 599df7134fe452195c13dc813f34948f
      size: 2170
    - path: dataset/validation_provisioning_verification/report.json
      hash: md5
      md5: 5f69417b0789aebe56fb2c704dfceb7d
      size: 511
    - path: experiments/configs/validation_scenarios_cata_001.json
      hash: md5
      md5: 87907d3f1a70e3bd3c1381b00ee21261
      size: 3084
    - path: tools/bot_ml/build_validation_scenario_manifests.py
      hash: md5
      md5: b81efe232a14fdc2987f9994151064bd
      size: 7504
    - path: tools/bot_ml/common.py
      hash: md5
      md5: 476b615368f0126adf17fababbc05929
      size: 5208
    outs:
    - path: dataset/validation_scenarios
      hash: md5
      md5: 94d3d006b7bb4da2ba2c8dcfcbb4ceb3.dir
      size: 8573
      nfiles: 5
