schema: '2.0'
stages:
  capture:
    cmd: python experiments/run_experiment.py 
      experiments/configs/headless_simple_kill_quest_smoke_001.json --raw-dir 
      dataset/raw --runs-dir experiments/runs --live-dir dvclive --local
    deps:
    - path: experiments/configs/headless_simple_kill_quest_smoke_001.json
      hash: md5
      md5: 420d81e5eb0c70ba3cb3c432b7a255d3
      size: 1069
    - path: experiments/run_experiment.py
      hash: md5
      md5: 2a4849e492fafba93e2d0a72864e923b
      size: 80230
    outs:
    - path: dataset/raw
      hash: md5
      md5: e2f2d96fde0805643338e7cc03e797b1.dir
      size: 867871
      nfiles: 38
    - path: dvclive
      hash: md5
      md5: 4207e77df4b4f6746159120c680e6895.dir
      size: 320
      nfiles: 6
    - path: experiments/runs
      hash: md5
      md5: 86b469caa6792fae4c6f38ad02101342.dir
      size: 464541
      nfiles: 70
  preprocess:
    cmd: python ml/preprocessing/preprocess_frames.py --raw-dir dataset/raw 
      --output dataset/processed/frames.jsonl --manifest 
      dataset/processed/manifest.json
    deps:
    - path: dataset/raw
      hash: md5
      md5: e2f2d96fde0805643338e7cc03e797b1.dir
      size: 867871
      nfiles: 38
    - path: ml/preprocessing/preprocess_frames.py
      hash: md5
      md5: d16316ea6c13f99004330f9e3abc8436
      size: 4216
    outs:
    - path: dataset/processed/frames.jsonl
      hash: md5
      md5: 4e9089506000ace7e548676ad21ff930
      size: 716563
    - path: dataset/processed/manifest.json
      hash: md5
      md5: 4473d6420174d4a7f159272d324c415a
      size: 619
  train:
    cmd: python ml/training/train_action_frequency.py --frames 
      dataset/processed/frames.jsonl --model models/action_frequency_model.json
    deps:
    - path: dataset/processed/frames.jsonl
      hash: md5
      md5: 4e9089506000ace7e548676ad21ff930
      size: 716563
    - path: ml/training/train_action_frequency.py
      hash: md5
      md5: bb7c5f90b83165ba24b54d62c691e3db
      size: 1379
    outs:
    - path: models/action_frequency_model.json
      hash: md5
      md5: 388810ef495e7b914c4ce3595e49ba51
      size: 403
  evaluate:
    cmd: python ml/evaluation/evaluate_action_frequency.py --frames 
      dataset/processed/frames.jsonl --model models/action_frequency_model.json 
      --metrics dataset/evaluations/metrics.json --report 
      dataset/evaluations/report.json
    deps:
    - path: dataset/processed/frames.jsonl
      hash: md5
      md5: 4e9089506000ace7e548676ad21ff930
      size: 716563
    - path: ml/evaluation/evaluate_action_frequency.py
      hash: md5
      md5: 6661befc7f329972914519b3841a1343
      size: 1853
    - path: models/action_frequency_model.json
      hash: md5
      md5: 388810ef495e7b914c4ce3595e49ba51
      size: 403
    outs:
    - path: dataset/evaluations/metrics.json
      hash: md5
      md5: 84a778514deb42436abde863f6aea705
      size: 76
    - path: dataset/evaluations/report.json
      hash: md5
      md5: cb7cc08667066cb01287cbd1dc014cac
      size: 352
